// !$*UTF8*$!
{
	archiveVersion = 1;
	classes = {
	};
	objectVersion = 50;
	objects = {

/* Begin PBXBuildFile section */
		6B9F411B2099AEF20075D9F1 /* AppDelegate.swift in Sources */ = {isa = PBXBuildFile; fileRef = 6B9F411A2099AEF20075D9F1 /* AppDelegate.swift */; };
		6B9F411D2099AEF30075D9F1 /* ViewController.swift in Sources */ = {isa = PBXBuildFile; fileRef = 6B9F411C2099AEF30075D9F1 /* ViewController.swift */; };
		6B9F41202099AEF30075D9F1 /* Main.storyboard in Resources */ = {isa = PBXBuildFile; fileRef = 6B9F411E2099AEF30075D9F1 /* Main.storyboard */; };
		6B9F41222099AEF40075D9F1 /* Assets.xcassets in Resources */ = {isa = PBXBuildFile; fileRef = 6B9F41212099AEF40075D9F1 /* Assets.xcassets */; };
		6B9F41252099AEF40075D9F1 /* LaunchScreen.storyboard in Resources */ = {isa = PBXBuildFile; fileRef = 6B9F41232099AEF40075D9F1 /* LaunchScreen.storyboard */; };
		6B9F41332099AFB40075D9F1 /* LoginAppTests.swift in Sources */ = {isa = PBXBuildFile; fileRef = 6B9F41322099AFB40075D9F1 /* LoginAppTests.swift */; };
		6B9F41412099B2180075D9F1 /* LoginAppUITests.swift in Sources */ = {isa = PBXBuildFile; fileRef = 6B9F41402099B2180075D9F1 /* LoginAppUITests.swift */; };
/* End PBXBuildFile section */

/* Begin PBXContainerItemProxy section */
		6B9F41352099AFB40075D9F1 /* PBXContainerItemProxy */ = {
			isa = PBXContainerItemProxy;
			containerPortal = 6B9F410F2099AEF20075D9F1 /* Project object */;
			proxyType = 1;
			remoteGlobalIDString = 6B9F41162099AEF20075D9F1;
			remoteInfo = LoginApp;
		};
		6B9F41432099B2180075D9F1 /* PBXContainerItemProxy */ = {
			isa = PBXContainerItemProxy;
			containerPortal = 6B9F410F2099AEF20075D9F1 /* Project object */;
			proxyType = 1;
			remoteGlobalIDString = 6B9F41162099AEF20075D9F1;
			remoteInfo = LoginApp;
		};
/* End PBXContainerItemProxy section */

/* Begin PBXFileReference section */
		6B9F41172099AEF20075D9F1 /* LoginApp.app */ = {isa = PBXFileReference; explicitFileType = wrapper.application; includeInIndex = 0; path = LoginApp.app; sourceTree = BUILT_PRODUCTS_DIR; };
		6B9F411A2099AEF20075D9F1 /* AppDelegate.swift */ = {isa = PBXFileReference; lastKnownFileType = sourcecode.swift; path = AppDelegate.swift; sourceTree = "<group>"; };
		6B9F411C2099AEF30075D9F1 /* ViewController.swift */ = {isa = PBXFileReference; lastKnownFileType = sourcecode.swift; path = ViewController.swift; sourceTree = "<group>"; };
		6B9F411F2099AEF30075D9F1 /* Base */ = {isa = PBXFileReference; lastKnownFileType = file.storyboard; name = Base; path = Base.lproj/Main.storyboard; sourceTree = "<group>"; };
		6B9F41212099AEF40075D9F1 /* Assets.xcassets */ = {isa = PBXFileReference; lastKnownFileType = folder.assetcatalog; path = Assets.xcassets; sourceTree = "<group>"; };
		6B9F41242099AEF40075D9F1 /* Base */ = {isa = PBXFileReference; lastKnownFileType = file.storyboard; name = Base; path = Base.lproj/LaunchScreen.storyboard; sourceTree = "<group>"; };
		6B9F41262099AEF40075D9F1 /* Info.plist */ = {isa = PBXFileReference; lastKnownFileType = text.plist.xml; path = Info.plist; sourceTree = "<group>"; };
		6B9F41302099AFB40075D9F1 /* LoginAppTests.xctest */ = {isa = PBXFileReference; explicitFileType = wrapper.cfbundle; includeInIndex = 0; path = LoginAppTests.xctest; sourceTree = BUILT_PRODUCTS_DIR; };
		6B9F41322099AFB40075D9F1 /* LoginAppTests.swift */ = {isa = PBXFileReference; lastKnownFileType = sourcecode.swift; path = LoginAppTests.swift; sourceTree = "<group>"; };
		6B9F41342099AFB40075D9F1 /* Info.plist */ = {isa = PBXFileReference; lastKnownFileType = text.plist.xml; path = Info.plist; sourceTree = "<group>"; };
		6B9F413E2099B2180075D9F1 /* LoginAppUITests.xctest */ = {isa = PBXFileReference; explicitFileType = wrapper.cfbundle; includeInIndex = 0; path = LoginAppUITests.xctest; sourceTree = BUILT_PRODUCTS_DIR; };
		6B9F41402099B2180075D9F1 /* LoginAppUITests.swift */ = {isa = PBXFileReference; lastKnownFileType = sourcecode.swift; path = LoginAppUITests.swift; sourceTree = "<group>"; };
		6B9F41422099B2180075D9F1 /* Info.plist */ = {isa = PBXFileReference; lastKnownFileType = text.plist.xml; path = Info.plist; sourceTree = "<group>"; };
/* End PBXFileReference section */

/* Begin PBXFrameworksBuildPhase section */
		6B9F41142099AEF20075D9F1 /* Frameworks */ = {
			isa = PBXFrameworksBuildPhase;
			buildActionMask = 2147483647;
			files = (
			);
			runOnlyForDeploymentPostprocessing = 0;
		};
		6B9F412D2099AFB40075D9F1 /* Frameworks */ = {
			isa = PBXFrameworksBuildPhase;
			buildActionMask = 2147483647;
			files = (
			);
			runOnlyForDeploymentPostprocessing = 0;
		};
		6B9F413B2099B2180075D9F1 /* Frameworks */ = {
			isa = PBXFrameworksBuildPhase;
			buildActionMask = 2147483647;
			files = (
			);
			runOnlyForDeploymentPostprocessing = 0;
		};
/* End PBXFrameworksBuildPhase section */

/* Begin PBXGroup section */
		6B9F410E2099AEF20075D9F1 = {
			isa = PBXGroup;
			children = (
				6B9F41192099AEF20075D9F1 /* LoginApp */,
				6B9F41312099AFB40075D9F1 /* LoginAppTests */,
				6B9F413F2099B2180075D9F1 /* LoginAppUITests */,
				6B9F41182099AEF20075D9F1 /* Products */,
			);
			sourceTree = "<group>";
		};
		6B9F41182099AEF20075D9F1 /* Products */ = {
			isa = PBXGroup;
			children = (
				6B9F41172099AEF20075D9F1 /* LoginApp.app */,
				6B9F41302099AFB40075D9F1 /* LoginAppTests.xctest */,
				6B9F413E2099B2180075D9F1 /* LoginAppUITests.xctest */,
			);
			name = Products;
			sourceTree = "<group>";
		};
		6B9F41192099AEF20075D9F1 /* LoginApp */ = {
			isa = PBXGroup;
			children = (
				6B9F411A2099AEF20075D9F1 /* AppDelegate.swift */,
				6B9F411C2099AEF30075D9F1 /* ViewController.swift */,
				6B9F411E2099AEF30075D9F1 /* Main.storyboard */,
				6B9F41212099AEF40075D9F1 /* Assets.xcassets */,
				6B9F41232099AEF40075D9F1 /* LaunchScreen.storyboard */,
				6B9F41262099AEF40075D9F1 /* Info.plist */,
			);
			path = LoginApp;
			sourceTree = "<group>";
		};
		6B9F41312099AFB40075D9F1 /* LoginAppTests */ = {
			isa = PBXGroup;
			children = (
				6B9F41322099AFB40075D9F1 /* LoginAppTests.swift */,
				6B9F41342099AFB40075D9F1 /* Info.plist */,
			);
			path = LoginAppTests;
			sourceTree = "<group>";
		};
		6B9F413F2099B2180075D9F1 /* LoginAppUITests */ = {
			isa = PBXGroup;
			children = (
				6B9F41402099B2180075D9F1 /* LoginAppUITests.swift */,
				6B9F41422099B2180075D9F1 /* Info.plist */,
			);
			path = LoginAppUITests;
			sourceTree = "<group>";
		};
/* End PBXGroup section */

/* Begin PBXNativeTarget section */
		6B9F41162099AEF20075D9F1 /* LoginApp */ = {
			isa = PBXNativeTarget;
			buildConfigurationList = 6B9F41292099AEF40075D9F1 /* Build configuration list for PBXNativeTarget "LoginApp" */;
			buildPhases = (
				6B9F41132099AEF20075D9F1 /* Sources */,
				6B9F41142099AEF20075D9F1 /* Frameworks */,
				6B9F41152099AEF20075D9F1 /* Resources */,
			);
			buildRules = (
			);
			dependencies = (
			);
			name = LoginApp;
			productName = LoginApp;
			productReference = 6B9F41172099AEF20075D9F1 /* LoginApp.app */;
			productType = "com.apple.product-type.application";
		};
		6B9F412F2099AFB40075D9F1 /* LoginAppTests */ = {
			isa = PBXNativeTarget;
			buildConfigurationList = 6B9F41372099AFB40075D9F1 /* Build configuration list for PBXNativeTarget "LoginAppTests" */;
			buildPhases = (
				6B9F412C2099AFB40075D9F1 /* Sources */,
				6B9F412D2099AFB40075D9F1 /* Frameworks */,
				6B9F412E2099AFB40075D9F1 /* Resources */,
			);
			buildRules = (
			);
			dependencies = (
				6B9F41362099AFB40075D9F1 /* PBXTargetDependency */,
			);
			name = LoginAppTests;
			productName = LoginAppTests;
			productReference = 6B9F41302099AFB40075D9F1 /* LoginAppTests.xctest */;
			productType = "com.apple.product-type.bundle.unit-test";
		};
		6B9F413D2099B2180075D9F1 /* LoginAppUITests */ = {
			isa = PBXNativeTarget;
			buildConfigurationList = 6B9F41452099B2180075D9F1 /* Build configuration list for PBXNativeTarget "LoginAppUITests" */;
			buildPhases = (
				6B9F413A2099B2180075D9F1 /* Sources */,
				6B9F413B2099B2180075D9F1 /* Frameworks */,
				6B9F413C2099B2180075D9F1 /* Resources */,
			);
			buildRules = (
			);
			dependencies = (
				6B9F41442099B2180075D9F1 /* PBXTargetDependency */,
			);
			name = LoginAppUITests;
			productName = LoginAppUITests;
			productReference = 6B9F413E2099B2180075D9F1 /* LoginAppUITests.xctest */;
			productType = "com.apple.product-type.bundle.ui-testing";
		};
/* End PBXNativeTarget section */

/* Begin PBXProject section */
		6B9F410F2099AEF20075D9F1 /* Project object */ = {
			isa = PBXProject;
			attributes = {
				LastSwiftUpdateCheck = 0930;
				LastUpgradeCheck = 0930;
				ORGANIZATIONNAME = Purushotham;
				TargetAttributes = {
					6B9F41162099AEF20075D9F1 = {
						CreatedOnToolsVersion = 9.3;
					};
					6B9F412F2099AFB40075D9F1 = {
						CreatedOnToolsVersion = 9.3;
						TestTargetID = 6B9F41162099AEF20075D9F1;
					};
					6B9F413D2099B2180075D9F1 = {
						CreatedOnToolsVersion = 9.3;
						TestTargetID = 6B9F41162099AEF20075D9F1;
					};
				};
			};
			buildConfigurationList = 6B9F41122099AEF20075D9F1 /* Build configuration list for PBXProject "LoginApp" */;
			compatibilityVersion = "Xcode 9.3";
			developmentRegion = en;
			hasScannedForEncodings = 0;
			knownRegions = (
				en,
				Base,
			);
			mainGroup = 6B9F410E2099AEF20075D9F1;
			productRefGroup = 6B9F41182099AEF20075D9F1 /* Products */;
			projectDirPath = "";
			projectRoot = "";
			targets = (
				6B9F41162099AEF20075D9F1 /* LoginApp */,
				6B9F412F2099AFB40075D9F1 /* LoginAppTests */,
				6B9F413D2099B2180075D9F1 /* LoginAppUITests */,
			);
		};
/* End PBXProject section */

/* Begin PBXResourcesBuildPhase section */
		6B9F41152099AEF20075D9F1 /* Resources */ = {
			isa = PBXResourcesBuildPhase;
			buildActionMask = 2147483647;
			files = (
				6B9F41252099AEF40075D9F1 /* LaunchScreen.storyboard in Resources */,
				6B9F41222099AEF40075D9F1 /* Assets.xcassets in Resources */,
				6B9F41202099AEF30075D9F1 /* Main.storyboard in Resources */,
			);
			runOnlyForDeploymentPostprocessing = 0;
		};
		6B9F412E2099AFB40075D9F1 /* Resources */ = {
			isa = PBXResourcesBuildPhase;
			buildActionMask = 2147483647;
			files = (
			);
			runOnlyForDeploymentPostprocessing = 0;
		};
		6B9F413C2099B2180075D9F1 /* Resources */ = {
			isa = PBXResourcesBuildPhase;
			buildActionMask = 2147483647;
			files = (
			);
			runOnlyForDeploymentPostprocessing = 0;
		};
/* End PBXResourcesBuildPhase section */

/* Begin PBXSourcesBuildPhase section */
		6B9F41132099AEF20075D9F1 /* Sources */ = {
			isa = PBXSourcesBuildPhase;
			buildActionMask = 2147483647;
			files = (
				6B9F411D2099AEF30075D9F1 /* ViewController.swift in Sources */,
				6B9F411B2099AEF20075D9F1 /* AppDelegate.swift in Sources */,
			);
			runOnlyForDeploymentPostprocessing = 0;
		};
		6B9F412C2099AFB40075D9F1 /* Sources */ = {
			isa = PBXSourcesBuildPhase;
			buildActionMask = 2147483647;
			files = (
				6B9F41332099AFB40075D9F1 /* LoginAppTests.swift in Sources */,
			);
			runOnlyForDeploymentPostprocessing = 0;
		};
		6B9F413A2099B2180075D9F1 /* Sources */ = {
			isa = PBXSourcesBuildPhase;
			buildActionMask = 2147483647;
			files = (
				6B9F41412099B2180075D9F1 /* LoginAppUITests.swift in Sources */,
			);
			runOnlyForDeploymentPostprocessing = 0;
		};
/* End PBXSourcesBuildPhase section */

/* Begin PBXTargetDependency section */
		6B9F41362099AFB40075D9F1 /* PBXTargetDependency */ = {
			isa = PBXTargetDependency;
			target = 6B9F41162099AEF20075D9F1 /* LoginApp */;
			targetProxy = 6B9F41352099AFB40075D9F1 /* PBXContainerItemProxy */;
		};
		6B9F41442099B2180075D9F1 /* PBXTargetDependency */ = {
			isa = PBXTargetDependency;
			target = 6B9F41162099AEF20075D9F1 /* LoginApp */;
			targetProxy = 6B9F41432099B2180075D9F1 /* PBXContainerItemProxy */;
		};
/* End PBXTargetDependency section */

/* Begin PBXVariantGroup section */
		6B9F411E2099AEF30075D9F1 /* Main.storyboard */ = {
			isa = PBXVariantGroup;
			children = (
				6B9F411F2099AEF30075D9F1 /* Base */,
			);
			name = Main.storyboard;
			sourceTree = "<group>";
		};
		6B9F41232099AEF40075D9F1 /* LaunchScreen.storyboard */ = {
			isa = PBXVariantGroup;
			children = (
				6B9F41242099AEF40075D9F1 /* Base */,
			);
			name = LaunchScreen.storyboard;
			sourceTree = "<group>";
		};
/* End PBXVariantGroup section */

/* Begin XCBuildConfiguration section */
		6B9F41272099AEF40075D9F1 /* Debug */ = {
			isa = XCBuildConfiguration;
			buildSettings = {
				ALWAYS_SEARCH_USER_PATHS = NO;
				CLANG_ANALYZER_NONNULL = YES;
				CLANG_ANALYZER_NUMBER_OBJECT_CONVERSION = YES_AGGRESSIVE;
				CLANG_CXX_LANGUAGE_STANDARD = "gnu++14";
				CLANG_CXX_LIBRARY = "libc++";
				CLANG_ENABLE_MODULES = YES;
				CLANG_ENABLE_OBJC_ARC = YES;
				CLANG_ENABLE_OBJC_WEAK = YES;
				CLANG_WARN_BLOCK_CAPTURE_AUTORELEASING = YES;
				CLANG_WARN_BOOL_CONVERSION = YES;
				CLANG_WARN_COMMA = YES;
				CLANG_WARN_CONSTANT_CONVERSION = YES;
				CLANG_WARN_DEPRECATED_OBJC_IMPLEMENTATIONS = YES;
				CLANG_WARN_DIRECT_OBJC_ISA_USAGE = YES_ERROR;
				CLANG_WARN_DOCUMENTATION_COMMENTS = YES;
				CLANG_WARN_EMPTY_BODY = YES;
				CLANG_WARN_ENUM_CONVERSION = YES;
				CLANG_WARN_INFINITE_RECURSION = YES;
				CLANG_WARN_INT_CONVERSION = YES;
				CLANG_WARN_NON_LITERAL_NULL_CONVERSION = YES;
				CLANG_WARN_OBJC_IMPLICIT_RETAIN_SELF = YES;
				CLANG_WARN_OBJC_LITERAL_CONVERSION = YES;
				CLANG_WARN_OBJC_ROOT_CLASS = YES_ERROR;
				CLANG_WARN_RANGE_LOOP_ANALYSIS = YES;
				CLANG_WARN_STRICT_PROTOTYPES = YES;
				CLANG_WARN_SUSPICIOUS_MOVE = YES;
				CLANG_WARN_UNGUARDED_AVAILABILITY = YES_AGGRESSIVE;
				CLANG_WARN_UNREACHABLE_CODE = YES;
				CLANG_WARN__DUPLICATE_METHOD_MATCH = YES;
				CODE_SIGN_IDENTITY = "iPhone Developer";
				COPY_PHASE_STRIP = NO;
				DEBUG_INFORMATION_FORMAT = dwarf;
				ENABLE_STRICT_OBJC_MSGSEND = YES;
				ENABLE_TESTABILITY = YES;
				GCC_C_LANGUAGE_STANDARD = gnu11;
				GCC_DYNAMIC_NO_PIC = NO;
				GCC_NO_COMMON_BLOCKS = YES;
				GCC_OPTIMIZATION_LEVEL = 0;
				GCC_PREPROCESSOR_DEFINITIONS = (
					"DEBUG=1",
					"$(inherited)",
				);
				GCC_WARN_64_TO_32_BIT_CONVERSION = YES;
				GCC_WARN_ABOUT_RETURN_TYPE = YES_ERROR;
				GCC_WARN_UNDECLARED_SELECTOR = YES;
				GCC_WARN_UNINITIALIZED_AUTOS = YES_AGGRESSIVE;
				GCC_WARN_UNUSED_FUNCTION = YES;
				GCC_WARN_UNUSED_VARIABLE = YES;
				IPHONEOS_DEPLOYMENT_TARGET = 11.3;
				MTL_ENABLE_DEBUG_INFO = YES;
				ONLY_ACTIVE_ARCH = YES;
				SDKROOT = iphoneos;
				SWIFT_ACTIVE_COMPILATION_CONDITIONS = DEBUG;
				SWIFT_OPTIMIZATION_LEVEL = "-Onone";
			};
			name = Debug;
		};
		6B9F41282099AEF40075D9F1 /* Release */ = {
			isa = XCBuildConfiguration;
			buildSettings = {
				ALWAYS_SEARCH_USER_PATHS = NO;
				CLANG_ANALYZER_NONNULL = YES;
				CLANG_ANALYZER_NUMBER_OBJECT_CONVERSION = YES_AGGRESSIVE;
				CLANG_CXX_LANGUAGE_STANDARD = "gnu++14";
				CLANG_CXX_LIBRARY = "libc++";
				CLANG_ENABLE_MODULES = YES;
				CLANG_ENABLE_OBJC_ARC = YES;
				CLANG_ENABLE_OBJC_WEAK = YES;
				CLANG_WARN_BLOCK_CAPTURE_AUTORELEASING = YES;
				CLANG_WARN_BOOL_CONVERSION = YES;
				CLANG_WARN_COMMA = YES;
				CLANG_WARN_CONSTANT_CONVERSION = YES;
				CLANG_WARN_DEPRECATED_OBJC_IMPLEMENTATIONS = YES;
				CLANG_WARN_DIRECT_OBJC_ISA_USAGE = YES_ERROR;
				CLANG_WARN_DOCUMENTATION_COMMENTS = YES;
				CLANG_WARN_EMPTY_BODY = YES;
				CLANG_WARN_ENUM_CONVERSION = YES;
				CLANG_WARN_INFINITE_RECURSION = YES;
				CLANG_WARN_INT_CONVERSION = YES;
				CLANG_WARN_NON_LITERAL_NULL_CONVERSION = YES;
				CLANG_WARN_OBJC_IMPLICIT_RETAIN_SELF = YES;
				CLANG_WARN_OBJC_LITERAL_CONVERSION = YES;
				CLANG_WARN_OBJC_ROOT_CLASS = YES_ERROR;
				CLANG_WARN_RANGE_LOOP_ANALYSIS = YES;
				CLANG_WARN_STRICT_PROTOTYPES = YES;
				CLANG_WARN_SUSPICIOUS_MOVE = YES;
				CLANG_WARN_UNGUARDED_AVAILABILITY = YES_AGGRESSIVE;
				CLANG_WARN_UNREACHABLE_CODE = YES;
				CLANG_WARN__DUPLICATE_METHOD_MATCH = YES;
				CODE_SIGN_IDENTITY = "iPhone Developer";
				COPY_PHASE_STRIP = NO;
				DEBUG_INFORMATION_FORMAT = "dwarf-with-dsym";
				ENABLE_NS_ASSERTIONS = NO;
				ENABLE_STRICT_OBJC_MSGSEND = YES;
				GCC_C_LANGUAGE_STANDARD = gnu11;
				GCC_NO_COMMON_BLOCKS = YES;
				GCC_WARN_64_TO_32_BIT_CONVERSION = YES;
				GCC_WARN_ABOUT_RETURN_TYPE = YES_ERROR;
				GCC_WARN_UNDECLARED_SELECTOR = YES;
				GCC_WARN_UNINITIALIZED_AUTOS = YES_AGGRESSIVE;
				GCC_WARN_UNUSED_FUNCTION = YES;
				GCC_WARN_UNUSED_VARIABLE = YES;
				IPHONEOS_DEPLOYMENT_TARGET = 11.3;
				MTL_ENABLE_DEBUG_INFO = NO;
				SDKROOT = iphoneos;
				SWIFT_COMPILATION_MODE = wholemodule;
				SWIFT_OPTIMIZATION_LEVEL = "-O";
				VALIDATE_PRODUCT = YES;
			};
			name = Release;
		};
		6B9F412A2099AEF40075D9F1 /* Debug */ = {
			isa = XCBuildConfiguration;
			buildSettings = {
				ASSETCATALOG_COMPILER_APPICON_NAME = AppIcon;
				CODE_SIGN_STYLE = Manual;
				DEVELOPMENT_TEAM = "";
				INFOPLIST_FILE = LoginApp/Info.plist;
				LD_RUNPATH_SEARCH_PATHS = (
					"$(inherited)",
					"@executable_path/Frameworks",
				);
				PRODUCT_BUNDLE_IDENTIFIER = com.ypr..LoginApp;
				PRODUCT_NAME = "$(TARGET_NAME)";
				PROVISIONING_PROFILE_SPECIFIER = "";
				SWIFT_VERSION = 4.0;
				TARGETED_DEVICE_FAMILY = "1,2";
			};
			name = Debug;
		};
		6B9F412B2099AEF40075D9F1 /* Release */ = {
			isa = XCBuildConfiguration;
			buildSettings = {
				ASSETCATALOG_COMPILER_APPICON_NAME = AppIcon;
				CODE_SIGN_STYLE = Manual;
				DEVELOPMENT_TEAM = "";
				INFOPLIST_FILE = LoginApp/Info.plist;
				LD_RUNPATH_SEARCH_PATHS = (
					"$(inherited)",
					"@executable_path/Frameworks",
				);
				PRODUCT_BUNDLE_IDENTIFIER = com.ypr..LoginApp;
				PRODUCT_NAME = "$(TARGET_NAME)";
				PROVISIONING_PROFILE_SPECIFIER = "";
				SWIFT_VERSION = 4.0;
				TARGETED_DEVICE_FAMILY = "1,2";
			};
			name = Release;
		};
		6B9F41382099AFB40075D9F1 /* Debug */ = {
			isa = XCBuildConfiguration;
			buildSettings = {
				BUNDLE_LOADER = "$(TEST_HOST)";
				CODE_SIGN_STYLE = Automatic;
				INFOPLIST_FILE = LoginAppTests/Info.plist;
				LD_RUNPATH_SEARCH_PATHS = (
					"$(inherited)",
					"@executable_path/Frameworks",
					"@loader_path/Frameworks",
				);
				PRODUCT_BUNDLE_IDENTIFIER = com.ypr..LoginAppTests;
				PRODUCT_NAME = "$(TARGET_NAME)";
				SWIFT_VERSION = 4.0;
				TARGETED_DEVICE_FAMILY = "1,2";
				TEST_HOST = "$(BUILT_PRODUCTS_DIR)/LoginApp.app/LoginApp";
			};
			name = Debug;
		};
		6B9F41392099AFB40075D9F1 /* Release */ = {
			isa = XCBuildConfiguration;
			buildSettings = {
				BUNDLE_LOADER = "$(TEST_HOST)";
				CODE_SIGN_STYLE = Automatic;
				INFOPLIST_FILE = LoginAppTests/Info.plist;
				LD_RUNPATH_SEARCH_PATHS = (
					"$(inherited)",
					"@executable_path/Frameworks",
					"@loader_path/Frameworks",
				);
				PRODUCT_BUNDLE_IDENTIFIER = com.ypr..LoginAppTests;
				PRODUCT_NAME = "$(TARGET_NAME)";
				SWIFT_VERSION = 4.0;
				TARGETED_DEVICE_FAMILY = "1,2";
				TEST_HOST = "$(BUILT_PRODUCTS_DIR)/LoginApp.app/LoginApp";
			};
			name = Release;
		};
		6B9F41462099B2180075D9F1 /* Debug */ = {
			isa = XCBuildConfiguration;
			buildSettings = {
				CODE_SIGN_STYLE = Automatic;
				INFOPLIST_FILE = LoginAppUITests/Info.plist;
				LD_RUNPATH_SEARCH_PATHS = (
					"$(inherited)",
					"@executable_path/Frameworks",
					"@loader_path/Frameworks",
				);
				PRODUCT_BUNDLE_IDENTIFIER = com.ypr..LoginAppUITests;
				PRODUCT_NAME = "$(TARGET_NAME)";
				SWIFT_VERSION = 4.0;
				TARGETED_DEVICE_FAMILY = "1,2";
				TEST_TARGET_NAME = LoginApp;
			};
			name = Debug;
		};
		6B9F41472099B2180075D9F1 /* Release */ = {
			isa = XCBuildConfiguration;
			buildSettings = {
				CODE_SIGN_STYLE = Automatic;
				INFOPLIST_FILE = LoginAppUITests/Info.plist;
				LD_RUNPATH_SEARCH_PATHS = (
					"$(inherited)",
					"@executable_path/Frameworks",
					"@loader_path/Frameworks",
				);
				PRODUCT_BUNDLE_IDENTIFIER = com.ypr..LoginAppUITests;
				PRODUCT_NAME = "$(TARGET_NAME)";
				SWIFT_VERSION = 4.0;
				TARGETED_DEVICE_FAMILY = "1,2";
				TEST_TARGET_NAME = LoginApp;
			};
			name = Release;
		};
/* End XCBuildConfiguration section */

/* Begin XCConfigurationList section */
		6B9F41122099AEF20075D9F1 /* Build configuration list for PBXProject "LoginApp" */ = {
			isa = XCConfigurationList;
			buildConfigurations = (
				6B9F41272099AEF40075D9F1 /* Debug */,
				6B9F41282099AEF40075D9F1 /* Release */,
			);
			defaultConfigurationIsVisible = 0;
			defaultConfigurationName = Release;
		};
		6B9F41292099AEF40075D9F1 /* Build configuration list for PBXNativeTarget "LoginApp" */ = {
			isa = XCConfigurationList;
			buildConfigurations = (
				6B9F412A2099AEF40075D9F1 /* Debug */,
				6B9F412B2099AEF40075D9F1 /* Release */,
			);
			defaultConfigurationIsVisible = 0;
			defaultConfigurationName = Release;
		};
		6B9F41372099AFB40075D9F1 /* Build configuration list for PBXNativeTarget "LoginAppTests" */ = {
			isa = XCConfigurationList;
			buildConfigurations = (
				6B9F41382099AFB40075D9F1 /* Debug */,
				6B9F41392099AFB40075D9F1 /* Release */,
			);
			defaultConfigurationIsVisible = 0;
			defaultConfigurationName = Release;
		};
		6B9F41452099B2180075D9F1 /* Build configuration list for PBXNativeTarget "LoginAppUITests" */ = {
			isa = XCConfigurationList;
			buildConfigurations = (
				6B9F41462099B2180075D9F1 /* Debug */,
				6B9F41472099B2180075D9F1 /* Release */,
			);
			defaultConfigurationIsVisible = 0;
			defaultConfigurationName = Release;
		};
/* End XCConfigurationList section */
	};
	rootObject = 6B9F410F2099AEF20075D9F1 /* Project object */;
}
