// !$*UTF8*$!
{
	archiveVersion = 1;
	classes = {
	};
	objectVersion = 48;
	objects = {

/* Begin PBXBuildFile section */
		6B41A34720DD2771001C9E37 /* RecentSearchHandler.swift in Sources */ = {isa = PBXBuildFile; fileRef = 6B41A34620DD2771001C9E37 /* RecentSearchHandler.swift */; };
		6B7EFE92205679DA0076F267 /* AppDelegate.swift in Sources */ = {isa = PBXBuildFile; fileRef = 6B7EFE91205679DA0076F267 /* AppDelegate.swift */; };
		6B7EFE94205679DA0076F267 /* ViewController.swift in Sources */ = {isa = PBXBuildFile; fileRef = 6B7EFE93205679DA0076F267 /* ViewController.swift */; };
		6B7EFE97205679DA0076F267 /* Main.storyboard in Resources */ = {isa = PBXBuildFile; fileRef = 6B7EFE95205679DA0076F267 /* Main.storyboard */; };
		6B7EFE99205679DA0076F267 /* Assets.xcassets in Resources */ = {isa = PBXBuildFile; fileRef = 6B7EFE98205679DA0076F267 /* Assets.xcassets */; };
		6B7EFE9C205679DA0076F267 /* LaunchScreen.storyboard in Resources */ = {isa = PBXBuildFile; fileRef = 6B7EFE9A205679DA0076F267 /* LaunchScreen.storyboard */; };
		6B7EFEA4205695300076F267 /* AFWrapper.swift in Sources */ = {isa = PBXBuildFile; fileRef = 6B7EFEA3205695300076F267 /* AFWrapper.swift */; };
		6BA03BD820B8098500CE0A37 /* NetworkManager.swift in Sources */ = {isa = PBXBuildFile; fileRef = 6BA03BD720B8098500CE0A37 /* NetworkManager.swift */; };
		6BA03BE220BBD19A00CE0A37 /* Helper.swift in Sources */ = {isa = PBXBuildFile; fileRef = 6BA03BE120BBD19A00CE0A37 /* Helper.swift */; };
		EE4423752992ABDF3EBBA3B2 /* Pods_BaseProject.framework in Frameworks */ = {isa = PBXBuildFile; fileRef = 73CC8FADC73F6DA12A05F3EC /* Pods_BaseProject.framework */; };
/* End PBXBuildFile section */

/* Begin PBXFileReference section */
		207F29A0FC4AE1D95F81229A /* Pods-BaseProject.debug.xcconfig */ = {isa = PBXFileReference; includeInIndex = 1; lastKnownFileType = text.xcconfig; name = "Pods-BaseProject.debug.xcconfig"; path = "Pods/Target Support Files/Pods-BaseProject/Pods-BaseProject.debug.xcconfig"; sourceTree = "<group>"; };
		2C04A4280DB90F3C1E76D960 /* Pods-BaseProject.debug testing.xcconfig */ = {isa = PBXFileReference; includeInIndex = 1; lastKnownFileType = text.xcconfig; name = "Pods-BaseProject.debug testing.xcconfig"; path = "Pods/Target Support Files/Pods-BaseProject/Pods-BaseProject.debug testing.xcconfig"; sourceTree = "<group>"; };
		36D1EE43D252C167382F7484 /* Pods-BaseProject.release testing.xcconfig */ = {isa = PBXFileReference; includeInIndex = 1; lastKnownFileType = text.xcconfig; name = "Pods-BaseProject.release testing.xcconfig"; path = "Pods/Target Support Files/Pods-BaseProject/Pods-BaseProject.release testing.xcconfig"; sourceTree = "<group>"; };
		43209CBD22989FFCB4E4EB47 /* Pods-BaseProject.debug production.xcconfig */ = {isa = PBXFileReference; includeInIndex = 1; lastKnownFileType = text.xcconfig; name = "Pods-BaseProject.debug production.xcconfig"; path = "Pods/Target Support Files/Pods-BaseProject/Pods-BaseProject.debug production.xcconfig"; sourceTree = "<group>"; };
		65870BEA87A17D72F416875F /* Pods-BaseProject.release.xcconfig */ = {isa = PBXFileReference; includeInIndex = 1; lastKnownFileType = text.xcconfig; name = "Pods-BaseProject.release.xcconfig"; path = "Pods/Target Support Files/Pods-BaseProject/Pods-BaseProject.release.xcconfig"; sourceTree = "<group>"; };
		6B41A34620DD2771001C9E37 /* RecentSearchHandler.swift */ = {isa = PBXFileReference; lastKnownFileType = sourcecode.swift; path = RecentSearchHandler.swift; sourceTree = "<group>"; };
		6B7EFE8E205679DA0076F267 /* BaseProject.app */ = {isa = PBXFileReference; explicitFileType = wrapper.application; includeInIndex = 0; path = BaseProject.app; sourceTree = BUILT_PRODUCTS_DIR; };
		6B7EFE91205679DA0076F267 /* AppDelegate.swift */ = {isa = PBXFileReference; lastKnownFileType = sourcecode.swift; path = AppDelegate.swift; sourceTree = "<group>"; };
		6B7EFE93205679DA0076F267 /* ViewController.swift */ = {isa = PBXFileReference; lastKnownFileType = sourcecode.swift; path = ViewController.swift; sourceTree = "<group>"; };
		6B7EFE96205679DA0076F267 /* Base */ = {isa = PBXFileReference; lastKnownFileType = file.storyboard; name = Base; path = Base.lproj/Main.storyboard; sourceTree = "<group>"; };
		6B7EFE98205679DA0076F267 /* Assets.xcassets */ = {isa = PBXFileReference; lastKnownFileType = folder.assetcatalog; path = Assets.xcassets; sourceTree = "<group>"; };
		6B7EFE9B205679DA0076F267 /* Base */ = {isa = PBXFileReference; lastKnownFileType = file.storyboard; name = Base; path = Base.lproj/LaunchScreen.storyboard; sourceTree = "<group>"; };
		6B7EFE9D205679DA0076F267 /* Info.plist */ = {isa = PBXFileReference; lastKnownFileType = text.plist.xml; path = Info.plist; sourceTree = "<group>"; };
		6B7EFEA3205695300076F267 /* AFWrapper.swift */ = {isa = PBXFileReference; lastKnownFileType = sourcecode.swift; path = AFWrapper.swift; sourceTree = "<group>"; };
		6BA03BD720B8098500CE0A37 /* NetworkManager.swift */ = {isa = PBXFileReference; fileEncoding = 4; lastKnownFileType = sourcecode.swift; path = NetworkManager.swift; sourceTree = "<group>"; };
		6BA03BE120BBD19A00CE0A37 /* Helper.swift */ = {isa = PBXFileReference; lastKnownFileType = sourcecode.swift; path = Helper.swift; sourceTree = "<group>"; };
		73CC8FADC73F6DA12A05F3EC /* Pods_BaseProject.framework */ = {isa = PBXFileReference; explicitFileType = wrapper.framework; includeInIndex = 0; path = Pods_BaseProject.framework; sourceTree = BUILT_PRODUCTS_DIR; };
		FD55DFD9E9D83A254673BDBC /* Pods-BaseProject.release production.xcconfig */ = {isa = PBXFileReference; includeInIndex = 1; lastKnownFileType = text.xcconfig; name = "Pods-BaseProject.release production.xcconfig"; path = "Pods/Target Support Files/Pods-BaseProject/Pods-BaseProject.release production.xcconfig"; sourceTree = "<group>"; };
/* End PBXFileReference section */

/* Begin PBXFrameworksBuildPhase section */
		6B7EFE8B205679DA0076F267 /* Frameworks */ = {
			isa = PBXFrameworksBuildPhase;
			buildActionMask = 2147483647;
			files = (
				EE4423752992ABDF3EBBA3B2 /* Pods_BaseProject.framework in Frameworks */,
			);
			runOnlyForDeploymentPostprocessing = 0;
		};
/* End PBXFrameworksBuildPhase section */

/* Begin PBXGroup section */
		6B41A34520DD2763001C9E37 /* Helpers */ = {
			isa = PBXGroup;
			children = (
				6B41A34620DD2771001C9E37 /* RecentSearchHandler.swift */,
			);
			path = Helpers;
			sourceTree = "<group>";
		};
		6B7EFE85205679DA0076F267 = {
			isa = PBXGroup;
			children = (
				6B7EFE90205679DA0076F267 /* BaseProject */,
				6B7EFE8F205679DA0076F267 /* Products */,
				8CB613630E2C9C4705CA8693 /* Pods */,
				E056443EA9CDC29733C2C83E /* Frameworks */,
			);
			sourceTree = "<group>";
		};
		6B7EFE8F205679DA0076F267 /* Products */ = {
			isa = PBXGroup;
			children = (
				6B7EFE8E205679DA0076F267 /* BaseProject.app */,
			);
			name = Products;
			sourceTree = "<group>";
		};
		6B7EFE90205679DA0076F267 /* BaseProject */ = {
			isa = PBXGroup;
			children = (
				6B7EFE91205679DA0076F267 /* AppDelegate.swift */,
				6B7EFE93205679DA0076F267 /* ViewController.swift */,
				6B7EFEA3205695300076F267 /* AFWrapper.swift */,
				6BA03BD720B8098500CE0A37 /* NetworkManager.swift */,
				6B41A34520DD2763001C9E37 /* Helpers */,
				6B7EFE95205679DA0076F267 /* Main.storyboard */,
				6B7EFE98205679DA0076F267 /* Assets.xcassets */,
				6B7EFE9A205679DA0076F267 /* LaunchScreen.storyboard */,
				6B7EFE9D205679DA0076F267 /* Info.plist */,
				6BA03BE120BBD19A00CE0A37 /* Helper.swift */,
			);
			path = BaseProject;
			sourceTree = "<group>";
		};
		8CB613630E2C9C4705CA8693 /* Pods */ = {
			isa = PBXGroup;
			children = (
				207F29A0FC4AE1D95F81229A /* Pods-BaseProject.debug.xcconfig */,
				65870BEA87A17D72F416875F /* Pods-BaseProject.release.xcconfig */,
				43209CBD22989FFCB4E4EB47 /* Pods-BaseProject.debug production.xcconfig */,
				2C04A4280DB90F3C1E76D960 /* Pods-BaseProject.debug testing.xcconfig */,
				FD55DFD9E9D83A254673BDBC /* Pods-BaseProject.release production.xcconfig */,
				36D1EE43D252C167382F7484 /* Pods-BaseProject.release testing.xcconfig */,
			);
			name = Pods;
			sourceTree = "<group>";
		};
		E056443EA9CDC29733C2C83E /* Frameworks */ = {
			isa = PBXGroup;
			children = (
				73CC8FADC73F6DA12A05F3EC /* Pods_BaseProject.framework */,
			);
			name = Frameworks;
			sourceTree = "<group>";
		};
/* End PBXGroup section */

/* Begin PBXNativeTarget section */
		6B7EFE8D205679DA0076F267 /* BaseProject */ = {
			isa = PBXNativeTarget;
			buildConfigurationList = 6B7EFEA0205679DA0076F267 /* Build configuration list for PBXNativeTarget "BaseProject" */;
			buildPhases = (
				BABC636C8E73E274CFC7FBC9 /* [CP] Check Pods Manifest.lock */,
				6B7EFE8A205679DA0076F267 /* Sources */,
				6B7EFE8B205679DA0076F267 /* Frameworks */,
				6B7EFE8C205679DA0076F267 /* Resources */,
				E5F5C45FF040BCE73FC4ECFB /* [CP] Embed Pods Frameworks */,
				3527B96FDD3FBF63A8DA3AF3 /* [CP] Copy Pods Resources */,
			);
			buildRules = (
			);
			dependencies = (
			);
			name = BaseProject;
			productName = BaseProject;
			productReference = 6B7EFE8E205679DA0076F267 /* BaseProject.app */;
			productType = "com.apple.product-type.application";
		};
/* End PBXNativeTarget section */

/* Begin PBXProject section */
		6B7EFE86205679DA0076F267 /* Project object */ = {
			isa = PBXProject;
			attributes = {
				LastSwiftUpdateCheck = 0920;
				LastUpgradeCheck = 0920;
				ORGANIZATIONNAME = CleanHarbors;
				TargetAttributes = {
					6B7EFE8D205679DA0076F267 = {
						CreatedOnToolsVersion = 9.2;
						ProvisioningStyle = Automatic;
					};
				};
			};
			buildConfigurationList = 6B7EFE89205679DA0076F267 /* Build configuration list for PBXProject "BaseProject" */;
			compatibilityVersion = "Xcode 8.0";
			developmentRegion = en;
			hasScannedForEncodings = 0;
			knownRegions = (
				en,
				Base,
			);
			mainGroup = 6B7EFE85205679DA0076F267;
			productRefGroup = 6B7EFE8F205679DA0076F267 /* Products */;
			projectDirPath = "";
			projectRoot = "";
			targets = (
				6B7EFE8D205679DA0076F267 /* BaseProject */,
			);
		};
/* End PBXProject section */

/* Begin PBXResourcesBuildPhase section */
		6B7EFE8C205679DA0076F267 /* Resources */ = {
			isa = PBXResourcesBuildPhase;
			buildActionMask = 2147483647;
			files = (
				6B7EFE9C205679DA0076F267 /* LaunchScreen.storyboard in Resources */,
				6B7EFE99205679DA0076F267 /* Assets.xcassets in Resources */,
				6B7EFE97205679DA0076F267 /* Main.storyboard in Resources */,
			);
			runOnlyForDeploymentPostprocessing = 0;
		};
/* End PBXResourcesBuildPhase section */

/* Begin PBXShellScriptBuildPhase section */
		3527B96FDD3FBF63A8DA3AF3 /* [CP] Copy Pods Resources */ = {
			isa = PBXShellScriptBuildPhase;
			buildActionMask = 2147483647;
			files = (
			);
			inputPaths = (
			);
			name = "[CP] Copy Pods Resources";
			outputPaths = (
			);
			runOnlyForDeploymentPostprocessing = 0;
			shellPath = /bin/sh;
			shellScript = "\"${SRCROOT}/Pods/Target Support Files/Pods-BaseProject/Pods-BaseProject-resources.sh\"\n";
			showEnvVarsInLog = 0;
		};
		BABC636C8E73E274CFC7FBC9 /* [CP] Check Pods Manifest.lock */ = {
			isa = PBXShellScriptBuildPhase;
			buildActionMask = 2147483647;
			files = (
			);
			inputPaths = (
				"${PODS_PODFILE_DIR_PATH}/Podfile.lock",
				"${PODS_ROOT}/Manifest.lock",
			);
			name = "[CP] Check Pods Manifest.lock";
			outputPaths = (
				"$(DERIVED_FILE_DIR)/Pods-BaseProject-checkManifestLockResult.txt",
			);
			runOnlyForDeploymentPostprocessing = 0;
			shellPath = /bin/sh;
			shellScript = "diff \"${PODS_PODFILE_DIR_PATH}/Podfile.lock\" \"${PODS_ROOT}/Manifest.lock\" > /dev/null\nif [ $? != 0 ] ; then\n    # print error to STDERR\n    echo \"error: The sandbox is not in sync with the Podfile.lock. Run 'pod install' or update your CocoaPods installation.\" >&2\n    exit 1\nfi\n# This output is used by Xcode 'outputs' to avoid re-running this script phase.\necho \"SUCCESS\" > \"${SCRIPT_OUTPUT_FILE_0}\"\n";
			showEnvVarsInLog = 0;
		};
		E5F5C45FF040BCE73FC4ECFB /* [CP] Embed Pods Frameworks */ = {
			isa = PBXShellScriptBuildPhase;
			buildActionMask = 2147483647;
			files = (
			);
			inputPaths = (
				"${SRCROOT}/Pods/Target Support Files/Pods-BaseProject/Pods-BaseProject-frameworks.sh",
				"${BUILT_PRODUCTS_DIR}/Alamofire/Alamofire.framework",
				"${BUILT_PRODUCTS_DIR}/ReachabilitySwift/Reachability.framework",
				"${BUILT_PRODUCTS_DIR}/SwiftyJSON/SwiftyJSON.framework",
			);
			name = "[CP] Embed Pods Frameworks";
			outputPaths = (
				"${TARGET_BUILD_DIR}/${FRAMEWORKS_FOLDER_PATH}/Alamofire.framework",
				"${TARGET_BUILD_DIR}/${FRAMEWORKS_FOLDER_PATH}/Reachability.framework",
				"${TARGET_BUILD_DIR}/${FRAMEWORKS_FOLDER_PATH}/SwiftyJSON.framework",
			);
			runOnlyForDeploymentPostprocessing = 0;
			shellPath = /bin/sh;
			shellScript = "\"${SRCROOT}/Pods/Target Support Files/Pods-BaseProject/Pods-BaseProject-frameworks.sh\"\n";
			showEnvVarsInLog = 0;
		};
/* End PBXShellScriptBuildPhase section */

/* Begin PBXSourcesBuildPhase section */
		6B7EFE8A205679DA0076F267 /* Sources */ = {
			isa = PBXSourcesBuildPhase;
			buildActionMask = 2147483647;
			files = (
				6BA03BD820B8098500CE0A37 /* NetworkManager.swift in Sources */,
				6B7EFE94205679DA0076F267 /* ViewController.swift in Sources */,
				6BA03BE220BBD19A00CE0A37 /* Helper.swift in Sources */,
				6B7EFEA4205695300076F267 /* AFWrapper.swift in Sources */,
				6B7EFE92205679DA0076F267 /* AppDelegate.swift in Sources */,
				6B41A34720DD2771001C9E37 /* RecentSearchHandler.swift in Sources */,
			);
			runOnlyForDeploymentPostprocessing = 0;
		};
/* End PBXSourcesBuildPhase section */

/* Begin PBXVariantGroup section */
		6B7EFE95205679DA0076F267 /* Main.storyboard */ = {
			isa = PBXVariantGroup;
			children = (
				6B7EFE96205679DA0076F267 /* Base */,
			);
			name = Main.storyboard;
			sourceTree = "<group>";
		};
		6B7EFE9A205679DA0076F267 /* LaunchScreen.storyboard */ = {
			isa = PBXVariantGroup;
			children = (
				6B7EFE9B205679DA0076F267 /* Base */,
			);
			name = LaunchScreen.storyboard;
			sourceTree = "<group>";
		};
/* End PBXVariantGroup section */

/* Begin XCBuildConfiguration section */
		6B7EFE9E205679DA0076F267 /* Debug Production */ = {
			isa = XCBuildConfiguration;
			buildSettings = {
				ALWAYS_SEARCH_USER_PATHS = NO;
				CLANG_ANALYZER_NONNULL = YES;
				CLANG_ANALYZER_NUMBER_OBJECT_CONVERSION = YES_AGGRESSIVE;
				CLANG_CXX_LANGUAGE_STANDARD = "gnu++14";
				CLANG_CXX_LIBRARY = "libc++";
				CLANG_ENABLE_MODULES = YES;
				CLANG_ENABLE_OBJC_ARC = YES;
				CLANG_WARN_BLOCK_CAPTURE_AUTORELEASING = YES;
				CLANG_WARN_BOOL_CONVERSION = YES;
				CLANG_WARN_COMMA = YES;
				CLANG_WARN_CONSTANT_CONVERSION = YES;
				CLANG_WARN_DIRECT_OBJC_ISA_USAGE = YES_ERROR;
				CLANG_WARN_DOCUMENTATION_COMMENTS = YES;
				CLANG_WARN_EMPTY_BODY = YES;
				CLANG_WARN_ENUM_CONVERSION = YES;
				CLANG_WARN_INFINITE_RECURSION = YES;
				CLANG_WARN_INT_CONVERSION = YES;
				CLANG_WARN_NON_LITERAL_NULL_CONVERSION = YES;
				CLANG_WARN_OBJC_LITERAL_CONVERSION = YES;
				CLANG_WARN_OBJC_ROOT_CLASS = YES_ERROR;
				CLANG_WARN_RANGE_LOOP_ANALYSIS = YES;
				CLANG_WARN_STRICT_PROTOTYPES = YES;
				CLANG_WARN_SUSPICIOUS_MOVE = YES;
				CLANG_WARN_UNGUARDED_AVAILABILITY = YES_AGGRESSIVE;
				CLANG_WARN_UNREACHABLE_CODE = YES;
				CLANG_WARN__DUPLICATE_METHOD_MATCH = YES;
				CODE_SIGN_IDENTITY = "iPhone Developer";
				COPY_PHASE_STRIP = NO;
				DEBUG_INFORMATION_FORMAT = dwarf;
				ENABLE_STRICT_OBJC_MSGSEND = YES;
				ENABLE_TESTABILITY = YES;
				GCC_C_LANGUAGE_STANDARD = gnu11;
				GCC_DYNAMIC_NO_PIC = NO;
				GCC_NO_COMMON_BLOCKS = YES;
				GCC_OPTIMIZATION_LEVEL = 0;
				GCC_PREPROCESSOR_DEFINITIONS = (
					"DEBUG=1",
					"$(inherited)",
				);
				GCC_WARN_64_TO_32_BIT_CONVERSION = YES;
				GCC_WARN_ABOUT_RETURN_TYPE = YES_ERROR;
				GCC_WARN_UNDECLARED_SELECTOR = YES;
				GCC_WARN_UNINITIALIZED_AUTOS = YES_AGGRESSIVE;
				GCC_WARN_UNUSED_FUNCTION = YES;
				GCC_WARN_UNUSED_VARIABLE = YES;
				IPHONEOS_DEPLOYMENT_TARGET = 11.2;
				MTL_ENABLE_DEBUG_INFO = YES;
				ONLY_ACTIVE_ARCH = YES;
				SDKROOT = iphoneos;
				SWIFT_ACTIVE_COMPILATION_CONDITIONS = DEBUG;
				SWIFT_OPTIMIZATION_LEVEL = "-Onone";
			};
			name = "Debug Production";
		};
		6B7EFE9F205679DA0076F267 /* Release Production */ = {
			isa = XCBuildConfiguration;
			buildSettings = {
				ALWAYS_SEARCH_USER_PATHS = NO;
				CLANG_ANALYZER_NONNULL = YES;
				CLANG_ANALYZER_NUMBER_OBJECT_CONVERSION = YES_AGGRESSIVE;
				CLANG_CXX_LANGUAGE_STANDARD = "gnu++14";
				CLANG_CXX_LIBRARY = "libc++";
				CLANG_ENABLE_MODULES = YES;
				CLANG_ENABLE_OBJC_ARC = YES;
				CLANG_WARN_BLOCK_CAPTURE_AUTORELEASING = YES;
				CLANG_WARN_BOOL_CONVERSION = YES;
				CLANG_WARN_COMMA = YES;
				CLANG_WARN_CONSTANT_CONVERSION = YES;
				CLANG_WARN_DIRECT_OBJC_ISA_USAGE = YES_ERROR;
				CLANG_WARN_DOCUMENTATION_COMMENTS = YES;
				CLANG_WARN_EMPTY_BODY = YES;
				CLANG_WARN_ENUM_CONVERSION = YES;
				CLANG_WARN_INFINITE_RECURSION = YES;
				CLANG_WARN_INT_CONVERSION = YES;
				CLANG_WARN_NON_LITERAL_NULL_CONVERSION = YES;
				CLANG_WARN_OBJC_LITERAL_CONVERSION = YES;
				CLANG_WARN_OBJC_ROOT_CLASS = YES_ERROR;
				CLANG_WARN_RANGE_LOOP_ANALYSIS = YES;
				CLANG_WARN_STRICT_PROTOTYPES = YES;
				CLANG_WARN_SUSPICIOUS_MOVE = YES;
				CLANG_WARN_UNGUARDED_AVAILABILITY = YES_AGGRESSIVE;
				CLANG_WARN_UNREACHABLE_CODE = YES;
				CLANG_WARN__DUPLICATE_METHOD_MATCH = YES;
				CODE_SIGN_IDENTITY = "iPhone Developer";
				COPY_PHASE_STRIP = NO;
				DEBUG_INFORMATION_FORMAT = "dwarf-with-dsym";
				ENABLE_NS_ASSERTIONS = NO;
				ENABLE_STRICT_OBJC_MSGSEND = YES;
				GCC_C_LANGUAGE_STANDARD = gnu11;
				GCC_NO_COMMON_BLOCKS = YES;
				GCC_WARN_64_TO_32_BIT_CONVERSION = YES;
				GCC_WARN_ABOUT_RETURN_TYPE = YES_ERROR;
				GCC_WARN_UNDECLARED_SELECTOR = YES;
				GCC_WARN_UNINITIALIZED_AUTOS = YES_AGGRESSIVE;
				GCC_WARN_UNUSED_FUNCTION = YES;
				GCC_WARN_UNUSED_VARIABLE = YES;
				IPHONEOS_DEPLOYMENT_TARGET = 11.2;
				MTL_ENABLE_DEBUG_INFO = NO;
				SDKROOT = iphoneos;
				SWIFT_OPTIMIZATION_LEVEL = "-Owholemodule";
				VALIDATE_PRODUCT = YES;
			};
			name = "Release Production";
		};
		6B7EFEA1205679DA0076F267 /* Debug Production */ = {
			isa = XCBuildConfiguration;
			baseConfigurationReference = 43209CBD22989FFCB4E4EB47 /* Pods-BaseProject.debug production.xcconfig */;
			buildSettings = {
				APP_NAME = "Debug-Production";
				ASSETCATALOG_COMPILER_APPICON_NAME = AppIcon;
				CODE_SIGN_STYLE = Automatic;
				ENVIRONMENT_NAME = "Debug-Production";
				HOST_NAME = "http://www.testing-server.com/api/v1";
				INFOPLIST_FILE = BaseProject/Info.plist;
				LD_RUNPATH_SEARCH_PATHS = "$(inherited) @executable_path/Frameworks";
				PRODUCT_BUNDLE_IDENTIFIER = com.chi..BaseProject;
				PRODUCT_NAME = "$(TARGET_NAME)";
				SWIFT_VERSION = 4.0;
				TARGETED_DEVICE_FAMILY = "1,2";
			};
			name = "Debug Production";
		};
		6B7EFEA2205679DA0076F267 /* Release Production */ = {
			isa = XCBuildConfiguration;
			baseConfigurationReference = FD55DFD9E9D83A254673BDBC /* Pods-BaseProject.release production.xcconfig */;
			buildSettings = {
				APP_NAME = "";
				ASSETCATALOG_COMPILER_APPICON_NAME = AppIcon;
				CODE_SIGN_STYLE = Automatic;
				ENVIRONMENT_NAME = "Release-Production";
				HOST_NAME = "http://www.production-server.com/api/v1";
				INFOPLIST_FILE = BaseProject/Info.plist;
				LD_RUNPATH_SEARCH_PATHS = "$(inherited) @executable_path/Frameworks";
				PRODUCT_BUNDLE_IDENTIFIER = com.chi..BaseProject;
				PRODUCT_NAME = "$(TARGET_NAME)";
				SWIFT_VERSION = 4.0;
				TARGETED_DEVICE_FAMILY = "1,2";
			};
			name = "Release Production";
		};
		6B8DDD6F2074A88B00A52122 /* Debug Testing */ = {
			isa = XCBuildConfiguration;
			buildSettings = {
				ALWAYS_SEARCH_USER_PATHS = NO;
				CLANG_ANALYZER_NONNULL = YES;
				CLANG_ANALYZER_NUMBER_OBJECT_CONVERSION = YES_AGGRESSIVE;
				CLANG_CXX_LANGUAGE_STANDARD = "gnu++14";
				CLANG_CXX_LIBRARY = "libc++";
				CLANG_ENABLE_MODULES = YES;
				CLANG_ENABLE_OBJC_ARC = YES;
				CLANG_WARN_BLOCK_CAPTURE_AUTORELEASING = YES;
				CLANG_WARN_BOOL_CONVERSION = YES;
				CLANG_WARN_COMMA = YES;
				CLANG_WARN_CONSTANT_CONVERSION = YES;
				CLANG_WARN_DIRECT_OBJC_ISA_USAGE = YES_ERROR;
				CLANG_WARN_DOCUMENTATION_COMMENTS = YES;
				CLANG_WARN_EMPTY_BODY = YES;
				CLANG_WARN_ENUM_CONVERSION = YES;
				CLANG_WARN_INFINITE_RECURSION = YES;
				CLANG_WARN_INT_CONVERSION = YES;
				CLANG_WARN_NON_LITERAL_NULL_CONVERSION = YES;
				CLANG_WARN_OBJC_LITERAL_CONVERSION = YES;
				CLANG_WARN_OBJC_ROOT_CLASS = YES_ERROR;
				CLANG_WARN_RANGE_LOOP_ANALYSIS = YES;
				CLANG_WARN_STRICT_PROTOTYPES = YES;
				CLANG_WARN_SUSPICIOUS_MOVE = YES;
				CLANG_WARN_UNGUARDED_AVAILABILITY = YES_AGGRESSIVE;
				CLANG_WARN_UNREACHABLE_CODE = YES;
				CLANG_WARN__DUPLICATE_METHOD_MATCH = YES;
				CODE_SIGN_IDENTITY = "iPhone Developer";
				COPY_PHASE_STRIP = NO;
				DEBUG_INFORMATION_FORMAT = dwarf;
				ENABLE_STRICT_OBJC_MSGSEND = YES;
				ENABLE_TESTABILITY = YES;
				GCC_C_LANGUAGE_STANDARD = gnu11;
				GCC_DYNAMIC_NO_PIC = NO;
				GCC_NO_COMMON_BLOCKS = YES;
				GCC_OPTIMIZATION_LEVEL = 0;
				GCC_PREPROCESSOR_DEFINITIONS = (
					"DEBUG=1",
					"$(inherited)",
				);
				GCC_WARN_64_TO_32_BIT_CONVERSION = YES;
				GCC_WARN_ABOUT_RETURN_TYPE = YES_ERROR;
				GCC_WARN_UNDECLARED_SELECTOR = YES;
				GCC_WARN_UNINITIALIZED_AUTOS = YES_AGGRESSIVE;
				GCC_WARN_UNUSED_FUNCTION = YES;
				GCC_WARN_UNUSED_VARIABLE = YES;
				IPHONEOS_DEPLOYMENT_TARGET = 11.2;
				MTL_ENABLE_DEBUG_INFO = YES;
				ONLY_ACTIVE_ARCH = YES;
				SDKROOT = iphoneos;
				SWIFT_ACTIVE_COMPILATION_CONDITIONS = DEBUG;
				SWIFT_OPTIMIZATION_LEVEL = "-Onone";
			};
			name = "Debug Testing";
		};
		6B8DDD702074A88B00A52122 /* Debug Testing */ = {
			isa = XCBuildConfiguration;
			baseConfigurationReference = 2C04A4280DB90F3C1E76D960 /* Pods-BaseProject.debug testing.xcconfig */;
			buildSettings = {
				APP_NAME = "Debug-Testing";
				ASSETCATALOG_COMPILER_APPICON_NAME = AppIcon;
				CODE_SIGN_STYLE = Automatic;
				ENVIRONMENT_NAME = "Debug-Testing";
				HOST_NAME = "http://www.production-server.com/api/v1";
				INFOPLIST_FILE = BaseProject/Info.plist;
				LD_RUNPATH_SEARCH_PATHS = "$(inherited) @executable_path/Frameworks";
				PRODUCT_BUNDLE_IDENTIFIER = com.chi..BaseProject;
				PRODUCT_NAME = "$(TARGET_NAME)";
				SWIFT_VERSION = 4.0;
				TARGETED_DEVICE_FAMILY = "1,2";
			};
			name = "Debug Testing";
		};
		6B8DDD712074A8B300A52122 /* Release Testing */ = {
			isa = XCBuildConfiguration;
			buildSettings = {
				ALWAYS_SEARCH_USER_PATHS = NO;
				CLANG_ANALYZER_NONNULL = YES;
				CLANG_ANALYZER_NUMBER_OBJECT_CONVERSION = YES_AGGRESSIVE;
				CLANG_CXX_LANGUAGE_STANDARD = "gnu++14";
				CLANG_CXX_LIBRARY = "libc++";
				CLANG_ENABLE_MODULES = YES;
				CLANG_ENABLE_OBJC_ARC = YES;
				CLANG_WARN_BLOCK_CAPTURE_AUTORELEASING = YES;
				CLANG_WARN_BOOL_CONVERSION = YES;
				CLANG_WARN_COMMA = YES;
				CLANG_WARN_CONSTANT_CONVERSION = YES;
				CLANG_WARN_DIRECT_OBJC_ISA_USAGE = YES_ERROR;
				CLANG_WARN_DOCUMENTATION_COMMENTS = YES;
				CLANG_WARN_EMPTY_BODY = YES;
				CLANG_WARN_ENUM_CONVERSION = YES;
				CLANG_WARN_INFINITE_RECURSION = YES;
				CLANG_WARN_INT_CONVERSION = YES;
				CLANG_WARN_NON_LITERAL_NULL_CONVERSION = YES;
				CLANG_WARN_OBJC_LITERAL_CONVERSION = YES;
				CLANG_WARN_OBJC_ROOT_CLASS = YES_ERROR;
				CLANG_WARN_RANGE_LOOP_ANALYSIS = YES;
				CLANG_WARN_STRICT_PROTOTYPES = YES;
				CLANG_WARN_SUSPICIOUS_MOVE = YES;
				CLANG_WARN_UNGUARDED_AVAILABILITY = YES_AGGRESSIVE;
				CLANG_WARN_UNREACHABLE_CODE = YES;
				CLANG_WARN__DUPLICATE_METHOD_MATCH = YES;
				CODE_SIGN_IDENTITY = "iPhone Developer";
				COPY_PHASE_STRIP = NO;
				DEBUG_INFORMATION_FORMAT = "dwarf-with-dsym";
				ENABLE_NS_ASSERTIONS = NO;
				ENABLE_STRICT_OBJC_MSGSEND = YES;
				GCC_C_LANGUAGE_STANDARD = gnu11;
				GCC_NO_COMMON_BLOCKS = YES;
				GCC_WARN_64_TO_32_BIT_CONVERSION = YES;
				GCC_WARN_ABOUT_RETURN_TYPE = YES_ERROR;
				GCC_WARN_UNDECLARED_SELECTOR = YES;
				GCC_WARN_UNINITIALIZED_AUTOS = YES_AGGRESSIVE;
				GCC_WARN_UNUSED_FUNCTION = YES;
				GCC_WARN_UNUSED_VARIABLE = YES;
				IPHONEOS_DEPLOYMENT_TARGET = 11.2;
				MTL_ENABLE_DEBUG_INFO = NO;
				SDKROOT = iphoneos;
				SWIFT_OPTIMIZATION_LEVEL = "-Owholemodule";
				VALIDATE_PRODUCT = YES;
			};
			name = "Release Testing";
		};
		6B8DDD722074A8B300A52122 /* Release Testing */ = {
			isa = XCBuildConfiguration;
			baseConfigurationReference = 36D1EE43D252C167382F7484 /* Pods-BaseProject.release testing.xcconfig */;
			buildSettings = {
				APP_NAME = "";
				ASSETCATALOG_COMPILER_APPICON_NAME = AppIcon;
				CODE_SIGN_STYLE = Automatic;
				ENVIRONMENT_NAME = "Release-Testing";
				HOST_NAME = "http://www.testing-server.com/api/v1";
				INFOPLIST_FILE = BaseProject/Info.plist;
				LD_RUNPATH_SEARCH_PATHS = "$(inherited) @executable_path/Frameworks";
				PRODUCT_BUNDLE_IDENTIFIER = com.chi..BaseProject;
				PRODUCT_NAME = "$(TARGET_NAME)";
				SWIFT_VERSION = 4.0;
				TARGETED_DEVICE_FAMILY = "1,2";
			};
			name = "Release Testing";
		};
/* End XCBuildConfiguration section */

/* Begin XCConfigurationList section */
		6B7EFE89205679DA0076F267 /* Build configuration list for PBXProject "BaseProject" */ = {
			isa = XCConfigurationList;
			buildConfigurations = (
				6B7EFE9E205679DA0076F267 /* Debug Production */,
				6B8DDD6F2074A88B00A52122 /* Debug Testing */,
				6B7EFE9F205679DA0076F267 /* Release Production */,
				6B8DDD712074A8B300A52122 /* Release Testing */,
			);
			defaultConfigurationIsVisible = 0;
			defaultConfigurationName = "Release Production";
		};
		6B7EFEA0205679DA0076F267 /* Build configuration list for PBXNativeTarget "BaseProject" */ = {
			isa = XCConfigurationList;
			buildConfigurations = (
				6B7EFEA1205679DA0076F267 /* Debug Production */,
				6B8DDD702074A88B00A52122 /* Debug Testing */,
				6B7EFEA2205679DA0076F267 /* Release Production */,
				6B8DDD722074A8B300A52122 /* Release Testing */,
			);
			defaultConfigurationIsVisible = 0;
			defaultConfigurationName = "Release Production";
		};
/* End XCConfigurationList section */
	};
	rootObject = 6B7EFE86205679DA0076F267 /* Project object */;
}
